
Microsoft Visual Studio Solution File, Format Version 12.00
# Visual Studio Version 17
VisualStudioVersion = 17.0.32126.317
MinimumVisualStudioVersion = 10.0.40219.1
Project("{9A19103F-16F7-4668-BE54-9A1E7A4F7556}") = "CareerCloud.Pocos", "CareerCloud.Pocos\CareerCloud.Pocos.csproj", "{5D07CF3E-7904-4564-83BE-2A1B4D90D18C}"
EndProject
Project("{9A19103F-16F7-4668-BE54-9A1E7A4F7556}") = "CareerCloudCore.UnitTests.Assignment1", "CareerCloudCore.UnitTests.Assignment1\CareerCloudCore.UnitTests.Assignment1\CareerCloudCore.UnitTests.Assignment1.csproj", "{DDCF4E05-44C0-4B51-8B3B-9BD7EFB8075B}"
EndProject
Project("{9A19103F-16F7-4668-BE54-9A1E7A4F7556}") = "CareerCloud.DataAccessLayer", "CareerCloud.DataAccessLayer\CareerCloud.DataAccessLayer.csproj", "{24B894AB-02F3-4A73-A0A3-3CBCED218C07}"
EndProject
Project("{9A19103F-16F7-4668-BE54-9A1E7A4F7556}") = "CareerCloud.ADODataAccessLayer", "CareerCloud.ADODataAccessLayer\CareerCloud.ADODataAccessLayer.csproj", "{438D8B8F-19FE-485B-BAEB-07B0F3D652D2}"
EndProject
Project("{9A19103F-16F7-4668-BE54-9A1E7A4F7556}") = "CareerCloudCore.UnitTests.Assignment2", "..\..\..\source\repos\CareerCloudCore.UnitTests.Assignment2\CareerCloudCore.UnitTests.Assignment2.csproj", "{001413F5-2D65-492B-97BD-1D5E6453E26E}"
EndProject
Global
	GlobalSection(SolutionConfigurationPlatforms) = preSolution
		Debug|Any CPU = Debug|Any CPU
		Release|Any CPU = Release|Any CPU
	EndGlobalSection
	GlobalSection(ProjectConfigurationPlatforms) = postSolution
		{5D07CF3E-7904-4564-83BE-2A1B4D90D18C}.Debug|Any CPU.ActiveCfg = Debug|Any CPU
		{5D07CF3E-7904-4564-83BE-2A1B4D90D18C}.Debug|Any CPU.Build.0 = Debug|Any CPU
		{5D07CF3E-7904-4564-83BE-2A1B4D90D18C}.Release|Any CPU.ActiveCfg = Release|Any CPU
		{5D07CF3E-7904-4564-83BE-2A1B4D90D18C}.Release|Any CPU.Build.0 = Release|Any CPU
		{DDCF4E05-44C0-4B51-8B3B-9BD7EFB8075B}.Debug|Any CPU.ActiveCfg = Debug|Any CPU
		{DDCF4E05-44C0-4B51-8B3B-9BD7EFB8075B}.Debug|Any CPU.Build.0 = Debug|Any CPU
		{DDCF4E05-44C0-4B51-8B3B-9BD7EFB8075B}.Release|Any CPU.ActiveCfg = Release|Any CPU
		{DDCF4E05-44C0-4B51-8B3B-9BD7EFB8075B}.Release|Any CPU.Build.0 = Release|Any CPU
		{24B894AB-02F3-4A73-A0A3-3CBCED218C07}.Debug|Any CPU.ActiveCfg = Debug|Any CPU
		{24B894AB-02F3-4A73-A0A3-3CBCED218C07}.Debug|Any CPU.Build.0 = Debug|Any CPU
		{24B894AB-02F3-4A73-A0A3-3CBCED218C07}.Release|Any CPU.ActiveCfg = Release|Any CPU
		{24B894AB-02F3-4A73-A0A3-3CBCED218C07}.Release|Any CPU.Build.0 = Release|Any CPU
		{438D8B8F-19FE-485B-BAEB-07B0F3D652D2}.Debug|Any CPU.ActiveCfg = Debug|Any CPU
		{438D8B8F-19FE-485B-BAEB-07B0F3D652D2}.Debug|Any CPU.Build.0 = Debug|Any CPU
		{438D8B8F-19FE-485B-BAEB-07B0F3D652D2}.Release|Any CPU.ActiveCfg = Release|Any CPU
		{438D8B8F-19FE-485B-BAEB-07B0F3D652D2}.Release|Any CPU.Build.0 = Release|Any CPU
		{001413F5-2D65-492B-97BD-1D5E6453E26E}.Debug|Any CPU.ActiveCfg = Debug|Any CPU
		{001413F5-2D65-492B-97BD-1D5E6453E26E}.Debug|Any CPU.Build.0 = Debug|Any CPU
		{001413F5-2D65-492B-97BD-1D5E6453E26E}.Release|Any CPU.ActiveCfg = Release|Any CPU
		{001413F5-2D65-492B-97BD-1D5E6453E26E}.Release|Any CPU.Build.0 = Release|Any CPU
	EndGlobalSection
	GlobalSection(SolutionProperties) = preSolution
		HideSolutionNode = FALSE
	EndGlobalSection
	GlobalSection(ExtensibilityGlobals) = postSolution
		SolutionGuid = {15D0A70D-1133-40DF-80BB-12D5F862158F}
	EndGlobalSection
EndGlobal
